// !$*UTF8*$!
{
	archiveVersion = 1;
	classes = {
	};
	objectVersion = 56;
	objects = {

/* Begin PBXBuildFile section */
		159EED0F03211A54938CBC43 /* Pods_OnlineStore.framework in Frameworks */ = {isa = PBXBuildFile; fileRef = 5EDA2F9573054E7923F5B88F /* Pods_OnlineStore.framework */; };
		D21E7E2029412BAD004CDE96 /* AppDelegate.swift in Sources */ = {isa = PBXBuildFile; fileRef = D21E7E1F29412BAD004CDE96 /* AppDelegate.swift */; };
		D21E7E2229412BAD004CDE96 /* SceneDelegate.swift in Sources */ = {isa = PBXBuildFile; fileRef = D21E7E2129412BAD004CDE96 /* SceneDelegate.swift */; };
		D21E7E2929412BAE004CDE96 /* Assets.xcassets in Resources */ = {isa = PBXBuildFile; fileRef = D21E7E2829412BAE004CDE96 /* Assets.xcassets */; };
		D21E7E2C29412BAE004CDE96 /* LaunchScreen.storyboard in Resources */ = {isa = PBXBuildFile; fileRef = D21E7E2A29412BAE004CDE96 /* LaunchScreen.storyboard */; };
		D21E7E3A294133DE004CDE96 /* StoreViewController.swift in Sources */ = {isa = PBXBuildFile; fileRef = D21E7E39294133DE004CDE96 /* StoreViewController.swift */; };
		D21E7E3C294133F9004CDE96 /* DetailViewController.swift in Sources */ = {isa = PBXBuildFile; fileRef = D21E7E3B294133F9004CDE96 /* DetailViewController.swift */; };
		D21E7E3E2941341C004CDE96 /* CartViewController.swift in Sources */ = {isa = PBXBuildFile; fileRef = D21E7E3D2941341C004CDE96 /* CartViewController.swift */; };
		D21E7E402941344D004CDE96 /* StoreTabBarController.swift in Sources */ = {isa = PBXBuildFile; fileRef = D21E7E3F2941344D004CDE96 /* StoreTabBarController.swift */; };
		D21E7E4329413534004CDE96 /* Store.swift in Sources */ = {isa = PBXBuildFile; fileRef = D21E7E4229413534004CDE96 /* Store.swift */; };
		D21E7E45294136B4004CDE96 /* PhoneModel.swift in Sources */ = {isa = PBXBuildFile; fileRef = D21E7E44294136B4004CDE96 /* PhoneModel.swift */; };
		D21E7E47294137D9004CDE96 /* Cart.swift in Sources */ = {isa = PBXBuildFile; fileRef = D21E7E46294137D9004CDE96 /* Cart.swift */; };
		D21E7E4E294139DB004CDE96 /* RequestType.swift in Sources */ = {isa = PBXBuildFile; fileRef = D21E7E4D294139DB004CDE96 /* RequestType.swift */; };
		D21E7E5029413D26004CDE96 /* NetworkService.swift in Sources */ = {isa = PBXBuildFile; fileRef = D21E7E4F29413D26004CDE96 /* NetworkService.swift */; };
		D21E7E5429416159004CDE96 /* SelectCategoryCell.swift in Sources */ = {isa = PBXBuildFile; fileRef = D21E7E5329416159004CDE96 /* SelectCategoryCell.swift */; };
		D21E7E562941617C004CDE96 /* Identifiers.swift in Sources */ = {isa = PBXBuildFile; fileRef = D21E7E552941617C004CDE96 /* Identifiers.swift */; };
		D21E7E592941665A004CDE96 /* SearchCell.swift in Sources */ = {isa = PBXBuildFile; fileRef = D21E7E582941665A004CDE96 /* SearchCell.swift */; };
		D21E7E5B29416674004CDE96 /* HotSalesCell.swift in Sources */ = {isa = PBXBuildFile; fileRef = D21E7E5A29416674004CDE96 /* HotSalesCell.swift */; };
		D21E7E5D29416689004CDE96 /* BestSellerCell.swift in Sources */ = {isa = PBXBuildFile; fileRef = D21E7E5C29416689004CDE96 /* BestSellerCell.swift */; };
		D21E7E5F2943361D004CDE96 /* FavoritesVeiwController.swift in Sources */ = {isa = PBXBuildFile; fileRef = D21E7E5E2943361D004CDE96 /* FavoritesVeiwController.swift */; };
		D21E7E6429434874004CDE96 /* UIImageView + Extension.swift in Sources */ = {isa = PBXBuildFile; fileRef = D21E7E6329434874004CDE96 /* UIImageView + Extension.swift */; };
		D21E7E6629434B0E004CDE96 /* UILabel + Extension.swift in Sources */ = {isa = PBXBuildFile; fileRef = D21E7E6529434B0E004CDE96 /* UILabel + Extension.swift */; };
		D21E7E682943550B004CDE96 /* String + Extension.swift in Sources */ = {isa = PBXBuildFile; fileRef = D21E7E672943550B004CDE96 /* String + Extension.swift */; };
		D21E7E6B294367E6004CDE96 /* UITextField + Extension.swift in Sources */ = {isa = PBXBuildFile; fileRef = D21E7E6A294367E6004CDE96 /* UITextField + Extension.swift */; };
		D21E7E6D29436A8B004CDE96 /* UIButton + Extension.swift in Sources */ = {isa = PBXBuildFile; fileRef = D21E7E6C29436A8B004CDE96 /* UIButton + Extension.swift */; };
		D21E7E7129441CC9004CDE96 /* UIView + Extension.swift in Sources */ = {isa = PBXBuildFile; fileRef = D21E7E7029441CC9004CDE96 /* UIView + Extension.swift */; };
		D21E7E7629445551004CDE96 /* SelectedCategoryData.swift in Sources */ = {isa = PBXBuildFile; fileRef = D21E7E7529445551004CDE96 /* SelectedCategoryData.swift */; };
		D21E7E79294489FB004CDE96 /* ProfileViewController.swift in Sources */ = {isa = PBXBuildFile; fileRef = D21E7E78294489FB004CDE96 /* ProfileViewController.swift */; };
		D21E7E8229466B5E004CDE96 /* FilterViewController.swift in Sources */ = {isa = PBXBuildFile; fileRef = D21E7E8129466B5E004CDE96 /* FilterViewController.swift */; };
		D21E7E84294670C5004CDE96 /* DropDownButton.swift in Sources */ = {isa = PBXBuildFile; fileRef = D21E7E83294670C5004CDE96 /* DropDownButton.swift */; };
		D21E7E8829476BD8004CDE96 /* SectionHeader.swift in Sources */ = {isa = PBXBuildFile; fileRef = D21E7E8729476BD8004CDE96 /* SectionHeader.swift */; };
		D21E7E8A29479374004CDE96 /* UIStackView + Extension.swift in Sources */ = {isa = PBXBuildFile; fileRef = D21E7E8929479374004CDE96 /* UIStackView + Extension.swift */; };
		D21E7E8C2948BFA1004CDE96 /* SegmentButton.swift in Sources */ = {isa = PBXBuildFile; fileRef = D21E7E8B2948BFA1004CDE96 /* SegmentButton.swift */; };
		D21E7E8E2948BFBC004CDE96 /* AddToCartButton.swift in Sources */ = {isa = PBXBuildFile; fileRef = D21E7E8D2948BFBC004CDE96 /* AddToCartButton.swift */; };
		D21E7E962948E6FF004CDE96 /* CartViewController + Constraints.swift in Sources */ = {isa = PBXBuildFile; fileRef = D21E7E952948E6FF004CDE96 /* CartViewController + Constraints.swift */; };
		D21E7E982949280D004CDE96 /* CartCell.swift in Sources */ = {isa = PBXBuildFile; fileRef = D21E7E972949280D004CDE96 /* CartCell.swift */; };
		D21E7E9A294BC24B004CDE96 /* DetailViewController + Constraints.swift in Sources */ = {isa = PBXBuildFile; fileRef = D21E7E99294BC24B004CDE96 /* DetailViewController + Constraints.swift */; };
/* End PBXBuildFile section */

/* Begin PBXFileReference section */
		4E23050808CAAFAA70E9A2E2 /* Pods-OnlineStore.release.xcconfig */ = {isa = PBXFileReference; includeInIndex = 1; lastKnownFileType = text.xcconfig; name = "Pods-OnlineStore.release.xcconfig"; path = "Target Support Files/Pods-OnlineStore/Pods-OnlineStore.release.xcconfig"; sourceTree = "<group>"; };
		5EDA2F9573054E7923F5B88F /* Pods_OnlineStore.framework */ = {isa = PBXFileReference; explicitFileType = wrapper.framework; includeInIndex = 0; path = Pods_OnlineStore.framework; sourceTree = BUILT_PRODUCTS_DIR; };
		A5222067EC766E4924E7DCB2 /* Pods-OnlineStore.debug.xcconfig */ = {isa = PBXFileReference; includeInIndex = 1; lastKnownFileType = text.xcconfig; name = "Pods-OnlineStore.debug.xcconfig"; path = "Target Support Files/Pods-OnlineStore/Pods-OnlineStore.debug.xcconfig"; sourceTree = "<group>"; };
		D21E7E1C29412BAD004CDE96 /* OnlineStore.app */ = {isa = PBXFileReference; explicitFileType = wrapper.application; includeInIndex = 0; path = OnlineStore.app; sourceTree = BUILT_PRODUCTS_DIR; };
		D21E7E1F29412BAD004CDE96 /* AppDelegate.swift */ = {isa = PBXFileReference; lastKnownFileType = sourcecode.swift; path = AppDelegate.swift; sourceTree = "<group>"; };
		D21E7E2129412BAD004CDE96 /* SceneDelegate.swift */ = {isa = PBXFileReference; lastKnownFileType = sourcecode.swift; path = SceneDelegate.swift; sourceTree = "<group>"; };
		D21E7E2829412BAE004CDE96 /* Assets.xcassets */ = {isa = PBXFileReference; lastKnownFileType = folder.assetcatalog; path = Assets.xcassets; sourceTree = "<group>"; };
		D21E7E2B29412BAE004CDE96 /* Base */ = {isa = PBXFileReference; lastKnownFileType = file.storyboard; name = Base; path = Base.lproj/LaunchScreen.storyboard; sourceTree = "<group>"; };
		D21E7E2D29412BAE004CDE96 /* Info.plist */ = {isa = PBXFileReference; lastKnownFileType = text.plist.xml; path = Info.plist; sourceTree = "<group>"; };
		D21E7E39294133DE004CDE96 /* StoreViewController.swift */ = {isa = PBXFileReference; lastKnownFileType = sourcecode.swift; path = StoreViewController.swift; sourceTree = "<group>"; };
		D21E7E3B294133F9004CDE96 /* DetailViewController.swift */ = {isa = PBXFileReference; lastKnownFileType = sourcecode.swift; path = DetailViewController.swift; sourceTree = "<group>"; };
		D21E7E3D2941341C004CDE96 /* CartViewController.swift */ = {isa = PBXFileReference; lastKnownFileType = sourcecode.swift; path = CartViewController.swift; sourceTree = "<group>"; };
		D21E7E3F2941344D004CDE96 /* StoreTabBarController.swift */ = {isa = PBXFileReference; lastKnownFileType = sourcecode.swift; path = StoreTabBarController.swift; sourceTree = "<group>"; };
		D21E7E4229413534004CDE96 /* Store.swift */ = {isa = PBXFileReference; lastKnownFileType = sourcecode.swift; path = Store.swift; sourceTree = "<group>"; };
		D21E7E44294136B4004CDE96 /* PhoneModel.swift */ = {isa = PBXFileReference; lastKnownFileType = sourcecode.swift; path = PhoneModel.swift; sourceTree = "<group>"; };
		D21E7E46294137D9004CDE96 /* Cart.swift */ = {isa = PBXFileReference; lastKnownFileType = sourcecode.swift; path = Cart.swift; sourceTree = "<group>"; };
		D21E7E4D294139DB004CDE96 /* RequestType.swift */ = {isa = PBXFileReference; lastKnownFileType = sourcecode.swift; path = RequestType.swift; sourceTree = "<group>"; };
		D21E7E4F29413D26004CDE96 /* NetworkService.swift */ = {isa = PBXFileReference; lastKnownFileType = sourcecode.swift; path = NetworkService.swift; sourceTree = "<group>"; };
		D21E7E5329416159004CDE96 /* SelectCategoryCell.swift */ = {isa = PBXFileReference; lastKnownFileType = sourcecode.swift; path = SelectCategoryCell.swift; sourceTree = "<group>"; };
		D21E7E552941617C004CDE96 /* Identifiers.swift */ = {isa = PBXFileReference; lastKnownFileType = sourcecode.swift; path = Identifiers.swift; sourceTree = "<group>"; };
		D21E7E582941665A004CDE96 /* SearchCell.swift */ = {isa = PBXFileReference; lastKnownFileType = sourcecode.swift; path = SearchCell.swift; sourceTree = "<group>"; };
		D21E7E5A29416674004CDE96 /* HotSalesCell.swift */ = {isa = PBXFileReference; lastKnownFileType = sourcecode.swift; path = HotSalesCell.swift; sourceTree = "<group>"; };
		D21E7E5C29416689004CDE96 /* BestSellerCell.swift */ = {isa = PBXFileReference; lastKnownFileType = sourcecode.swift; path = BestSellerCell.swift; sourceTree = "<group>"; };
		D21E7E5E2943361D004CDE96 /* FavoritesVeiwController.swift */ = {isa = PBXFileReference; lastKnownFileType = sourcecode.swift; path = FavoritesVeiwController.swift; sourceTree = "<group>"; };
		D21E7E6329434874004CDE96 /* UIImageView + Extension.swift */ = {isa = PBXFileReference; lastKnownFileType = sourcecode.swift; path = "UIImageView + Extension.swift"; sourceTree = "<group>"; };
		D21E7E6529434B0E004CDE96 /* UILabel + Extension.swift */ = {isa = PBXFileReference; lastKnownFileType = sourcecode.swift; path = "UILabel + Extension.swift"; sourceTree = "<group>"; };
		D21E7E672943550B004CDE96 /* String + Extension.swift */ = {isa = PBXFileReference; lastKnownFileType = sourcecode.swift; path = "String + Extension.swift"; sourceTree = "<group>"; };
		D21E7E6A294367E6004CDE96 /* UITextField + Extension.swift */ = {isa = PBXFileReference; lastKnownFileType = sourcecode.swift; path = "UITextField + Extension.swift"; sourceTree = "<group>"; };
		D21E7E6C29436A8B004CDE96 /* UIButton + Extension.swift */ = {isa = PBXFileReference; lastKnownFileType = sourcecode.swift; path = "UIButton + Extension.swift"; sourceTree = "<group>"; };
		D21E7E7029441CC9004CDE96 /* UIView + Extension.swift */ = {isa = PBXFileReference; lastKnownFileType = sourcecode.swift; path = "UIView + Extension.swift"; sourceTree = "<group>"; };
		D21E7E7529445551004CDE96 /* SelectedCategoryData.swift */ = {isa = PBXFileReference; lastKnownFileType = sourcecode.swift; path = SelectedCategoryData.swift; sourceTree = "<group>"; };
		D21E7E78294489FB004CDE96 /* ProfileViewController.swift */ = {isa = PBXFileReference; lastKnownFileType = sourcecode.swift; path = ProfileViewController.swift; sourceTree = "<group>"; };
		D21E7E8129466B5E004CDE96 /* FilterViewController.swift */ = {isa = PBXFileReference; lastKnownFileType = sourcecode.swift; path = FilterViewController.swift; sourceTree = "<group>"; };
		D21E7E83294670C5004CDE96 /* DropDownButton.swift */ = {isa = PBXFileReference; lastKnownFileType = sourcecode.swift; path = DropDownButton.swift; sourceTree = "<group>"; };
		D21E7E8729476BD8004CDE96 /* SectionHeader.swift */ = {isa = PBXFileReference; fileEncoding = 4; lastKnownFileType = sourcecode.swift; name = SectionHeader.swift; path = OnlineStore/Modules/Controllers/Store/SectionHeader.swift; sourceTree = SOURCE_ROOT; };
		D21E7E8929479374004CDE96 /* UIStackView + Extension.swift */ = {isa = PBXFileReference; lastKnownFileType = sourcecode.swift; path = "UIStackView + Extension.swift"; sourceTree = "<group>"; };
		D21E7E8B2948BFA1004CDE96 /* SegmentButton.swift */ = {isa = PBXFileReference; lastKnownFileType = sourcecode.swift; path = SegmentButton.swift; sourceTree = "<group>"; };
		D21E7E8D2948BFBC004CDE96 /* AddToCartButton.swift */ = {isa = PBXFileReference; lastKnownFileType = sourcecode.swift; path = AddToCartButton.swift; sourceTree = "<group>"; };
		D21E7E952948E6FF004CDE96 /* CartViewController + Constraints.swift */ = {isa = PBXFileReference; lastKnownFileType = sourcecode.swift; path = "CartViewController + Constraints.swift"; sourceTree = "<group>"; };
		D21E7E972949280D004CDE96 /* CartCell.swift */ = {isa = PBXFileReference; lastKnownFileType = sourcecode.swift; path = CartCell.swift; sourceTree = "<group>"; };
		D21E7E99294BC24B004CDE96 /* DetailViewController + Constraints.swift */ = {isa = PBXFileReference; lastKnownFileType = sourcecode.swift; path = "DetailViewController + Constraints.swift"; sourceTree = "<group>"; };
/* End PBXFileReference section */

/* Begin PBXFrameworksBuildPhase section */
		D21E7E1929412BAD004CDE96 /* Frameworks */ = {
			isa = PBXFrameworksBuildPhase;
			buildActionMask = 2147483647;
			files = (
				159EED0F03211A54938CBC43 /* Pods_OnlineStore.framework in Frameworks */,
			);
			runOnlyForDeploymentPostprocessing = 0;
		};
/* End PBXFrameworksBuildPhase section */

/* Begin PBXGroup section */
		17AD0F67D61BF9F611C015EC /* Pods */ = {
			isa = PBXGroup;
			children = (
				A5222067EC766E4924E7DCB2 /* Pods-OnlineStore.debug.xcconfig */,
				4E23050808CAAFAA70E9A2E2 /* Pods-OnlineStore.release.xcconfig */,
			);
			path = Pods;
			sourceTree = "<group>";
		};
		C2D338AC91CF257F5C1F0C9C /* Frameworks */ = {
			isa = PBXGroup;
			children = (
				5EDA2F9573054E7923F5B88F /* Pods_OnlineStore.framework */,
			);
			name = Frameworks;
			sourceTree = "<group>";
		};
		D21E7E1329412BAD004CDE96 = {
			isa = PBXGroup;
			children = (
				D21E7E1E29412BAD004CDE96 /* OnlineStore */,
				D21E7E1D29412BAD004CDE96 /* Products */,
				17AD0F67D61BF9F611C015EC /* Pods */,
				C2D338AC91CF257F5C1F0C9C /* Frameworks */,
			);
			sourceTree = "<group>";
		};
		D21E7E1D29412BAD004CDE96 /* Products */ = {
			isa = PBXGroup;
			children = (
				D21E7E1C29412BAD004CDE96 /* OnlineStore.app */,
			);
			name = Products;
			sourceTree = "<group>";
		};
		D21E7E1E29412BAD004CDE96 /* OnlineStore */ = {
			isa = PBXGroup;
			children = (
				D21E7E3329412CE2004CDE96 /* Application */,
				D21E7E3429412CF2004CDE96 /* SupportingFiles */,
				D21E7E6029434846004CDE96 /* Extensions */,
				D21E7E7B29448B8D004CDE96 /* Helpers */,
				D21E7E4129413500004CDE96 /* Models */,
				D21E7E482941394F004CDE96 /* Servises */,
				D21E7E372941336E004CDE96 /* Modules */,
			);
			path = OnlineStore;
			sourceTree = "<group>";
		};
		D21E7E3329412CE2004CDE96 /* Application */ = {
			isa = PBXGroup;
			children = (
				D21E7E1F29412BAD004CDE96 /* AppDelegate.swift */,
				D21E7E2129412BAD004CDE96 /* SceneDelegate.swift */,
			);
			path = Application;
			sourceTree = "<group>";
		};
		D21E7E3429412CF2004CDE96 /* SupportingFiles */ = {
			isa = PBXGroup;
			children = (
				D21E7E2829412BAE004CDE96 /* Assets.xcassets */,
				D21E7E2D29412BAE004CDE96 /* Info.plist */,
				D21E7E2A29412BAE004CDE96 /* LaunchScreen.storyboard */,
			);
			path = SupportingFiles;
			sourceTree = "<group>";
		};
		D21E7E372941336E004CDE96 /* Modules */ = {
			isa = PBXGroup;
			children = (
				D21E7E772944885F004CDE96 /* TabBarController */,
				D21E7E7A29448B73004CDE96 /* Controllers */,
				D21E7E5729416637004CDE96 /* Cells */,
			);
			path = Modules;
			sourceTree = "<group>";
		};
		D21E7E4129413500004CDE96 /* Models */ = {
			isa = PBXGroup;
			children = (
				D21E7E7529445551004CDE96 /* SelectedCategoryData.swift */,
				D21E7E4229413534004CDE96 /* Store.swift */,
				D21E7E44294136B4004CDE96 /* PhoneModel.swift */,
				D21E7E46294137D9004CDE96 /* Cart.swift */,
			);
			path = Models;
			sourceTree = "<group>";
		};
		D21E7E482941394F004CDE96 /* Servises */ = {
			isa = PBXGroup;
			children = (
				D21E7E4D294139DB004CDE96 /* RequestType.swift */,
				D21E7E4F29413D26004CDE96 /* NetworkService.swift */,
			);
			path = Servises;
			sourceTree = "<group>";
		};
		D21E7E5729416637004CDE96 /* Cells */ = {
			isa = PBXGroup;
			children = (
				D21E7E5329416159004CDE96 /* SelectCategoryCell.swift */,
				D21E7E582941665A004CDE96 /* SearchCell.swift */,
				D21E7E5A29416674004CDE96 /* HotSalesCell.swift */,
				D21E7E5C29416689004CDE96 /* BestSellerCell.swift */,
			);
			path = Cells;
			sourceTree = "<group>";
		};
		D21E7E6029434846004CDE96 /* Extensions */ = {
			isa = PBXGroup;
			children = (
				D21E7E8F2948BFC3004CDE96 /* Buttons */,
				D21E7E6929435510004CDE96 /* Foundation */,
				D21E7E6129434852004CDE96 /* UIKit */,
			);
			path = Extensions;
			sourceTree = "<group>";
		};
		D21E7E6129434852004CDE96 /* UIKit */ = {
			isa = PBXGroup;
			children = (
				D21E7E6529434B0E004CDE96 /* UILabel + Extension.swift */,
				D21E7E6C29436A8B004CDE96 /* UIButton + Extension.swift */,
				D21E7E6A294367E6004CDE96 /* UITextField + Extension.swift */,
				D21E7E6329434874004CDE96 /* UIImageView + Extension.swift */,
				D21E7E8929479374004CDE96 /* UIStackView + Extension.swift */,
				D21E7E7029441CC9004CDE96 /* UIView + Extension.swift */,
			);
			path = UIKit;
			sourceTree = "<group>";
		};
		D21E7E6929435510004CDE96 /* Foundation */ = {
			isa = PBXGroup;
			children = (
				D21E7E672943550B004CDE96 /* String + Extension.swift */,
			);
			path = Foundation;
			sourceTree = "<group>";
		};
		D21E7E772944885F004CDE96 /* TabBarController */ = {
			isa = PBXGroup;
			children = (
				D21E7E3F2941344D004CDE96 /* StoreTabBarController.swift */,
			);
			path = TabBarController;
			sourceTree = "<group>";
		};
		D21E7E7A29448B73004CDE96 /* Controllers */ = {
			isa = PBXGroup;
			children = (
				D21E7E942948E10E004CDE96 /* Cart */,
				D21E7E932948E105004CDE96 /* Detail */,
				D21E7E922948E0F3004CDE96 /* Store */,
				D21E7E5E2943361D004CDE96 /* FavoritesVeiwController.swift */,
				D21E7E78294489FB004CDE96 /* ProfileViewController.swift */,
			);
			path = Controllers;
			sourceTree = "<group>";
		};
		D21E7E7B29448B8D004CDE96 /* Helpers */ = {
			isa = PBXGroup;
			children = (
				D21E7E552941617C004CDE96 /* Identifiers.swift */,
			);
			path = Helpers;
			sourceTree = "<group>";
		};
		D21E7E8F2948BFC3004CDE96 /* Buttons */ = {
			isa = PBXGroup;
			children = (
				D21E7E8D2948BFBC004CDE96 /* AddToCartButton.swift */,
				D21E7E8B2948BFA1004CDE96 /* SegmentButton.swift */,
				D21E7E83294670C5004CDE96 /* DropDownButton.swift */,
			);
			path = Buttons;
			sourceTree = "<group>";
		};
		D21E7E922948E0F3004CDE96 /* Store */ = {
			isa = PBXGroup;
			children = (
				D21E7E39294133DE004CDE96 /* StoreViewController.swift */,
				D21E7E8729476BD8004CDE96 /* SectionHeader.swift */,
				D21E7E8129466B5E004CDE96 /* FilterViewController.swift */,
			);
			path = Store;
			sourceTree = "<group>";
		};
		D21E7E932948E105004CDE96 /* Detail */ = {
			isa = PBXGroup;
			children = (
				D21E7E3B294133F9004CDE96 /* DetailViewController.swift */,
				D21E7E99294BC24B004CDE96 /* DetailViewController + Constraints.swift */,
			);
			path = Detail;
			sourceTree = "<group>";
		};
		D21E7E942948E10E004CDE96 /* Cart */ = {
			isa = PBXGroup;
			children = (
				D21E7E3D2941341C004CDE96 /* CartViewController.swift */,
				D21E7E952948E6FF004CDE96 /* CartViewController + Constraints.swift */,
				D21E7E972949280D004CDE96 /* CartCell.swift */,
			);
			path = Cart;
			sourceTree = "<group>";
		};
/* End PBXGroup section */

/* Begin PBXNativeTarget section */
		D21E7E1B29412BAD004CDE96 /* OnlineStore */ = {
			isa = PBXNativeTarget;
			buildConfigurationList = D21E7E3029412BAE004CDE96 /* Build configuration list for PBXNativeTarget "OnlineStore" */;
			buildPhases = (
				6C9B65598CDB87D9EACA063C /* [CP] Check Pods Manifest.lock */,
				D21E7E1829412BAD004CDE96 /* Sources */,
				D21E7E1929412BAD004CDE96 /* Frameworks */,
				D21E7E1A29412BAD004CDE96 /* Resources */,
				4C8D63B9A00BFE39061D2D44 /* [CP] Embed Pods Frameworks */,
			);
			buildRules = (
			);
			dependencies = (
			);
			name = OnlineStore;
			productName = OnlineStore;
			productReference = D21E7E1C29412BAD004CDE96 /* OnlineStore.app */;
			productType = "com.apple.product-type.application";
		};
/* End PBXNativeTarget section */

/* Begin PBXProject section */
		D21E7E1429412BAD004CDE96 /* Project object */ = {
			isa = PBXProject;
			attributes = {
				BuildIndependentTargetsInParallel = 1;
				LastSwiftUpdateCheck = 1400;
				LastUpgradeCheck = 1400;
				TargetAttributes = {
					D21E7E1B29412BAD004CDE96 = {
						CreatedOnToolsVersion = 14.0.1;
					};
				};
			};
			buildConfigurationList = D21E7E1729412BAD004CDE96 /* Build configuration list for PBXProject "OnlineStore" */;
			compatibilityVersion = "Xcode 14.0";
			developmentRegion = en;
			hasScannedForEncodings = 0;
			knownRegions = (
				en,
				Base,
			);
			mainGroup = D21E7E1329412BAD004CDE96;
			productRefGroup = D21E7E1D29412BAD004CDE96 /* Products */;
			projectDirPath = "";
			projectRoot = "";
			targets = (
				D21E7E1B29412BAD004CDE96 /* OnlineStore */,
			);
		};
/* End PBXProject section */

/* Begin PBXResourcesBuildPhase section */
		D21E7E1A29412BAD004CDE96 /* Resources */ = {
			isa = PBXResourcesBuildPhase;
			buildActionMask = 2147483647;
			files = (
				D21E7E2C29412BAE004CDE96 /* LaunchScreen.storyboard in Resources */,
				D21E7E2929412BAE004CDE96 /* Assets.xcassets in Resources */,
			);
			runOnlyForDeploymentPostprocessing = 0;
		};
/* End PBXResourcesBuildPhase section */

/* Begin PBXShellScriptBuildPhase section */
		4C8D63B9A00BFE39061D2D44 /* [CP] Embed Pods Frameworks */ = {
			isa = PBXShellScriptBuildPhase;
			buildActionMask = 2147483647;
			files = (
			);
			inputFileListPaths = (
				"${PODS_ROOT}/Target Support Files/Pods-OnlineStore/Pods-OnlineStore-frameworks-${CONFIGURATION}-input-files.xcfilelist",
			);
			name = "[CP] Embed Pods Frameworks";
			outputFileListPaths = (
				"${PODS_ROOT}/Target Support Files/Pods-OnlineStore/Pods-OnlineStore-frameworks-${CONFIGURATION}-output-files.xcfilelist",
			);
			runOnlyForDeploymentPostprocessing = 0;
			shellPath = /bin/sh;
			shellScript = "\"${PODS_ROOT}/Target Support Files/Pods-OnlineStore/Pods-OnlineStore-frameworks.sh\"\n";
			showEnvVarsInLog = 0;
		};
		6C9B65598CDB87D9EACA063C /* [CP] Check Pods Manifest.lock */ = {
			isa = PBXShellScriptBuildPhase;
			buildActionMask = 2147483647;
			files = (
			);
			inputFileListPaths = (
			);
			inputPaths = (
				"${PODS_PODFILE_DIR_PATH}/Podfile.lock",
				"${PODS_ROOT}/Manifest.lock",
			);
			name = "[CP] Check Pods Manifest.lock";
			outputFileListPaths = (
			);
			outputPaths = (
				"$(DERIVED_FILE_DIR)/Pods-OnlineStore-checkManifestLockResult.txt",
			);
			runOnlyForDeploymentPostprocessing = 0;
			shellPath = /bin/sh;
			shellScript = "diff \"${PODS_PODFILE_DIR_PATH}/Podfile.lock\" \"${PODS_ROOT}/Manifest.lock\" > /dev/null\nif [ $? != 0 ] ; then\n    # print error to STDERR\n    echo \"error: The sandbox is not in sync with the Podfile.lock. Run 'pod install' or update your CocoaPods installation.\" >&2\n    exit 1\nfi\n# This output is used by Xcode 'outputs' to avoid re-running this script phase.\necho \"SUCCESS\" > \"${SCRIPT_OUTPUT_FILE_0}\"\n";
			showEnvVarsInLog = 0;
		};
/* End PBXShellScriptBuildPhase section */

/* Begin PBXSourcesBuildPhase section */
		D21E7E1829412BAD004CDE96 /* Sources */ = {
			isa = PBXSourcesBuildPhase;
			buildActionMask = 2147483647;
			files = (
				D21E7E5B29416674004CDE96 /* HotSalesCell.swift in Sources */,
				D21E7E562941617C004CDE96 /* Identifiers.swift in Sources */,
				D21E7E682943550B004CDE96 /* String + Extension.swift in Sources */,
				D21E7E6D29436A8B004CDE96 /* UIButton + Extension.swift in Sources */,
				D21E7E982949280D004CDE96 /* CartCell.swift in Sources */,
				D21E7E592941665A004CDE96 /* SearchCell.swift in Sources */,
				D21E7E4329413534004CDE96 /* Store.swift in Sources */,
				D21E7E8A29479374004CDE96 /* UIStackView + Extension.swift in Sources */,
				D21E7E47294137D9004CDE96 /* Cart.swift in Sources */,
				D21E7E2029412BAD004CDE96 /* AppDelegate.swift in Sources */,
				D21E7E8E2948BFBC004CDE96 /* AddToCartButton.swift in Sources */,
				D21E7E8C2948BFA1004CDE96 /* SegmentButton.swift in Sources */,
				D21E7E84294670C5004CDE96 /* DropDownButton.swift in Sources */,
				D21E7E6629434B0E004CDE96 /* UILabel + Extension.swift in Sources */,
				D21E7E962948E6FF004CDE96 /* CartViewController + Constraints.swift in Sources */,
				D21E7E2229412BAD004CDE96 /* SceneDelegate.swift in Sources */,
				D21E7E8829476BD8004CDE96 /* SectionHeader.swift in Sources */,
				D21E7E79294489FB004CDE96 /* ProfileViewController.swift in Sources */,
				D21E7E7629445551004CDE96 /* SelectedCategoryData.swift in Sources */,
				D21E7E5D29416689004CDE96 /* BestSellerCell.swift in Sources */,
				D21E7E6429434874004CDE96 /* UIImageView + Extension.swift in Sources */,
				D21E7E3E2941341C004CDE96 /* CartViewController.swift in Sources */,
				D21E7E3A294133DE004CDE96 /* StoreViewController.swift in Sources */,
				D21E7E3C294133F9004CDE96 /* DetailViewController.swift in Sources */,
				D21E7E4E294139DB004CDE96 /* RequestType.swift in Sources */,
				D21E7E5F2943361D004CDE96 /* FavoritesVeiwController.swift in Sources */,
				D21E7E6B294367E6004CDE96 /* UITextField + Extension.swift in Sources */,
				D21E7E8229466B5E004CDE96 /* FilterViewController.swift in Sources */,
				D21E7E45294136B4004CDE96 /* PhoneModel.swift in Sources */,
				D21E7E7129441CC9004CDE96 /* UIView + Extension.swift in Sources */,
				D21E7E5429416159004CDE96 /* SelectCategoryCell.swift in Sources */,
				D21E7E5029413D26004CDE96 /* NetworkService.swift in Sources */,
				D21E7E9A294BC24B004CDE96 /* DetailViewController + Constraints.swift in Sources */,
				D21E7E402941344D004CDE96 /* StoreTabBarController.swift in Sources */,
			);
			runOnlyForDeploymentPostprocessing = 0;
		};
/* End PBXSourcesBuildPhase section */

/* Begin PBXVariantGroup section */
		D21E7E2A29412BAE004CDE96 /* LaunchScreen.storyboard */ = {
			isa = PBXVariantGroup;
			children = (
				D21E7E2B29412BAE004CDE96 /* Base */,
			);
			name = LaunchScreen.storyboard;
			sourceTree = "<group>";
		};
/* End PBXVariantGroup section */

/* Begin XCBuildConfiguration section */
		D21E7E2E29412BAE004CDE96 /* Debug */ = {
			isa = XCBuildConfiguration;
			buildSettings = {
				ALWAYS_SEARCH_USER_PATHS = NO;
				CLANG_ANALYZER_NONNULL = YES;
				CLANG_ANALYZER_NUMBER_OBJECT_CONVERSION = YES_AGGRESSIVE;
				CLANG_CXX_LANGUAGE_STANDARD = "gnu++20";
				CLANG_ENABLE_MODULES = YES;
				CLANG_ENABLE_OBJC_ARC = YES;
				CLANG_ENABLE_OBJC_WEAK = YES;
				CLANG_WARN_BLOCK_CAPTURE_AUTORELEASING = YES;
				CLANG_WARN_BOOL_CONVERSION = YES;
				CLANG_WARN_COMMA = YES;
				CLANG_WARN_CONSTANT_CONVERSION = YES;
				CLANG_WARN_DEPRECATED_OBJC_IMPLEMENTATIONS = YES;
				CLANG_WARN_DIRECT_OBJC_ISA_USAGE = YES_ERROR;
				CLANG_WARN_DOCUMENTATION_COMMENTS = YES;
				CLANG_WARN_EMPTY_BODY = YES;
				CLANG_WARN_ENUM_CONVERSION = YES;
				CLANG_WARN_INFINITE_RECURSION = YES;
				CLANG_WARN_INT_CONVERSION = YES;
				CLANG_WARN_NON_LITERAL_NULL_CONVERSION = YES;
				CLANG_WARN_OBJC_IMPLICIT_RETAIN_SELF = YES;
				CLANG_WARN_OBJC_LITERAL_CONVERSION = YES;
				CLANG_WARN_OBJC_ROOT_CLASS = YES_ERROR;
				CLANG_WARN_QUOTED_INCLUDE_IN_FRAMEWORK_HEADER = YES;
				CLANG_WARN_RANGE_LOOP_ANALYSIS = YES;
				CLANG_WARN_STRICT_PROTOTYPES = YES;
				CLANG_WARN_SUSPICIOUS_MOVE = YES;
				CLANG_WARN_UNGUARDED_AVAILABILITY = YES_AGGRESSIVE;
				CLANG_WARN_UNREACHABLE_CODE = YES;
				CLANG_WARN__DUPLICATE_METHOD_MATCH = YES;
				COPY_PHASE_STRIP = NO;
				DEBUG_INFORMATION_FORMAT = dwarf;
				ENABLE_STRICT_OBJC_MSGSEND = YES;
				ENABLE_TESTABILITY = YES;
				GCC_C_LANGUAGE_STANDARD = gnu11;
				GCC_DYNAMIC_NO_PIC = NO;
				GCC_NO_COMMON_BLOCKS = YES;
				GCC_OPTIMIZATION_LEVEL = 0;
				GCC_PREPROCESSOR_DEFINITIONS = (
					"DEBUG=1",
					"$(inherited)",
				);
				GCC_WARN_64_TO_32_BIT_CONVERSION = YES;
				GCC_WARN_ABOUT_RETURN_TYPE = YES_ERROR;
				GCC_WARN_UNDECLARED_SELECTOR = YES;
				GCC_WARN_UNINITIALIZED_AUTOS = YES_AGGRESSIVE;
				GCC_WARN_UNUSED_FUNCTION = YES;
				GCC_WARN_UNUSED_VARIABLE = YES;
				IPHONEOS_DEPLOYMENT_TARGET = 16.0;
				MTL_ENABLE_DEBUG_INFO = INCLUDE_SOURCE;
				MTL_FAST_MATH = YES;
				ONLY_ACTIVE_ARCH = YES;
				SDKROOT = iphoneos;
				SWIFT_ACTIVE_COMPILATION_CONDITIONS = DEBUG;
				SWIFT_OPTIMIZATION_LEVEL = "-Onone";
			};
			name = Debug;
		};
		D21E7E2F29412BAE004CDE96 /* Release */ = {
			isa = XCBuildConfiguration;
			buildSettings = {
				ALWAYS_SEARCH_USER_PATHS = NO;
				CLANG_ANALYZER_NONNULL = YES;
				CLANG_ANALYZER_NUMBER_OBJECT_CONVERSION = YES_AGGRESSIVE;
				CLANG_CXX_LANGUAGE_STANDARD = "gnu++20";
				CLANG_ENABLE_MODULES = YES;
				CLANG_ENABLE_OBJC_ARC = YES;
				CLANG_ENABLE_OBJC_WEAK = YES;
				CLANG_WARN_BLOCK_CAPTURE_AUTORELEASING = YES;
				CLANG_WARN_BOOL_CONVERSION = YES;
				CLANG_WARN_COMMA = YES;
				CLANG_WARN_CONSTANT_CONVERSION = YES;
				CLANG_WARN_DEPRECATED_OBJC_IMPLEMENTATIONS = YES;
				CLANG_WARN_DIRECT_OBJC_ISA_USAGE = YES_ERROR;
				CLANG_WARN_DOCUMENTATION_COMMENTS = YES;
				CLANG_WARN_EMPTY_BODY = YES;
				CLANG_WARN_ENUM_CONVERSION = YES;
				CLANG_WARN_INFINITE_RECURSION = YES;
				CLANG_WARN_INT_CONVERSION = YES;
				CLANG_WARN_NON_LITERAL_NULL_CONVERSION = YES;
				CLANG_WARN_OBJC_IMPLICIT_RETAIN_SELF = YES;
				CLANG_WARN_OBJC_LITERAL_CONVERSION = YES;
				CLANG_WARN_OBJC_ROOT_CLASS = YES_ERROR;
				CLANG_WARN_QUOTED_INCLUDE_IN_FRAMEWORK_HEADER = YES;
				CLANG_WARN_RANGE_LOOP_ANALYSIS = YES;
				CLANG_WARN_STRICT_PROTOTYPES = YES;
				CLANG_WARN_SUSPICIOUS_MOVE = YES;
				CLANG_WARN_UNGUARDED_AVAILABILITY = YES_AGGRESSIVE;
				CLANG_WARN_UNREACHABLE_CODE = YES;
				CLANG_WARN__DUPLICATE_METHOD_MATCH = YES;
				COPY_PHASE_STRIP = NO;
				DEBUG_INFORMATION_FORMAT = "dwarf-with-dsym";
				ENABLE_NS_ASSERTIONS = NO;
				ENABLE_STRICT_OBJC_MSGSEND = YES;
				GCC_C_LANGUAGE_STANDARD = gnu11;
				GCC_NO_COMMON_BLOCKS = YES;
				GCC_WARN_64_TO_32_BIT_CONVERSION = YES;
				GCC_WARN_ABOUT_RETURN_TYPE = YES_ERROR;
				GCC_WARN_UNDECLARED_SELECTOR = YES;
				GCC_WARN_UNINITIALIZED_AUTOS = YES_AGGRESSIVE;
				GCC_WARN_UNUSED_FUNCTION = YES;
				GCC_WARN_UNUSED_VARIABLE = YES;
				IPHONEOS_DEPLOYMENT_TARGET = 16.0;
				MTL_ENABLE_DEBUG_INFO = NO;
				MTL_FAST_MATH = YES;
				SDKROOT = iphoneos;
				SWIFT_COMPILATION_MODE = wholemodule;
				SWIFT_OPTIMIZATION_LEVEL = "-O";
				VALIDATE_PRODUCT = YES;
			};
			name = Release;
		};
		D21E7E3129412BAE004CDE96 /* Debug */ = {
			isa = XCBuildConfiguration;
			baseConfigurationReference = A5222067EC766E4924E7DCB2 /* Pods-OnlineStore.debug.xcconfig */;
			buildSettings = {
				ASSETCATALOG_COMPILER_APPICON_NAME = AppIcon;
				ASSETCATALOG_COMPILER_GLOBAL_ACCENT_COLOR_NAME = AccentColor;
				CODE_SIGN_STYLE = Automatic;
				CURRENT_PROJECT_VERSION = 1;
				GENERATE_INFOPLIST_FILE = YES;
				INFOPLIST_FILE = OnlineStore/SupportingFiles/Info.plist;
				INFOPLIST_KEY_UIApplicationSupportsIndirectInputEvents = YES;
				INFOPLIST_KEY_UILaunchStoryboardName = LaunchScreen;
				INFOPLIST_KEY_UIMainStoryboardFile = "";
				INFOPLIST_KEY_UISupportedInterfaceOrientations_iPad = "UIInterfaceOrientationPortrait UIInterfaceOrientationPortraitUpsideDown UIInterfaceOrientationLandscapeLeft UIInterfaceOrientationLandscapeRight";
				INFOPLIST_KEY_UISupportedInterfaceOrientations_iPhone = "UIInterfaceOrientationPortrait UIInterfaceOrientationLandscapeLeft UIInterfaceOrientationLandscapeRight";
				LD_RUNPATH_SEARCH_PATHS = (
					"$(inherited)",
					"@executable_path/Frameworks",
				);
				MARKETING_VERSION = 1.0;
				PRODUCT_BUNDLE_IDENTIFIER = AliceRomanova.OnlineStore;
				PRODUCT_NAME = "$(TARGET_NAME)";
				SWIFT_EMIT_LOC_STRINGS = YES;
				SWIFT_VERSION = 5.0;
				TARGETED_DEVICE_FAMILY = "1,2";
			};
			name = Debug;
		};
		D21E7E3229412BAE004CDE96 /* Release */ = {
			isa = XCBuildConfiguration;
			baseConfigurationReference = 4E23050808CAAFAA70E9A2E2 /* Pods-OnlineStore.release.xcconfig */;
			buildSettings = {
				ASSETCATALOG_COMPILER_APPICON_NAME = AppIcon;
				ASSETCATALOG_COMPILER_GLOBAL_ACCENT_COLOR_NAME = AccentColor;
				CODE_SIGN_STYLE = Automatic;
				CURRENT_PROJECT_VERSION = 1;
				GENERATE_INFOPLIST_FILE = YES;
				INFOPLIST_FILE = OnlineStore/SupportingFiles/Info.plist;
				INFOPLIST_KEY_UIApplicationSupportsIndirectInputEvents = YES;
				INFOPLIST_KEY_UILaunchStoryboardName = LaunchScreen;
				INFOPLIST_KEY_UIMainStoryboardFile = "";
				INFOPLIST_KEY_UISupportedInterfaceOrientations_iPad = "UIInterfaceOrientationPortrait UIInterfaceOrientationPortraitUpsideDown UIInterfaceOrientationLandscapeLeft UIInterfaceOrientationLandscapeRight";
				INFOPLIST_KEY_UISupportedInterfaceOrientations_iPhone = "UIInterfaceOrientationPortrait UIInterfaceOrientationLandscapeLeft UIInterfaceOrientationLandscapeRight";
				LD_RUNPATH_SEARCH_PATHS = (
					"$(inherited)",
					"@executable_path/Frameworks",
				);
				MARKETING_VERSION = 1.0;
				PRODUCT_BUNDLE_IDENTIFIER = AliceRomanova.OnlineStore;
				PRODUCT_NAME = "$(TARGET_NAME)";
				SWIFT_EMIT_LOC_STRINGS = YES;
				SWIFT_VERSION = 5.0;
				TARGETED_DEVICE_FAMILY = "1,2";
			};
			name = Release;
		};
/* End XCBuildConfiguration section */

/* Begin XCConfigurationList section */
		D21E7E1729412BAD004CDE96 /* Build configuration list for PBXProject "OnlineStore" */ = {
			isa = XCConfigurationList;
			buildConfigurations = (
				D21E7E2E29412BAE004CDE96 /* Debug */,
				D21E7E2F29412BAE004CDE96 /* Release */,
			);
			defaultConfigurationIsVisible = 0;
			defaultConfigurationName = Release;
		};
		D21E7E3029412BAE004CDE96 /* Build configuration list for PBXNativeTarget "OnlineStore" */ = {
			isa = XCConfigurationList;
			buildConfigurations = (
				D21E7E3129412BAE004CDE96 /* Debug */,
				D21E7E3229412BAE004CDE96 /* Release */,
			);
			defaultConfigurationIsVisible = 0;
			defaultConfigurationName = Release;
		};
/* End XCConfigurationList section */
	};
	rootObject = D21E7E1429412BAD004CDE96 /* Project object */;
}
